
Microsoft Visual Studio Solution File, Format Version 12.00
Project("{FAE04EC0-301F-11D3-BF4B-00C04F79EFBC}") = "NationalParkAPI", "NationalParkAPI.csproj", "{92FD38AF-4DBF-4F12-A714-29B8ABE7DA1E}"
EndProject
Project("{FAE04EC0-301F-11D3-BF4B-00C04F79EFBC}") = "WebApplication", "WebApplication\WebApplication.csproj", "{A7039FEF-5A6D-4DBF-B087-7BF4EEC48B62}"
EndProject
Global
	GlobalSection(SolutionConfigurationPlatforms) = preSolution
		Debug|Any CPU = Debug|Any CPU
		Release|Any CPU = Release|Any CPU
	EndGlobalSection
	GlobalSection(ProjectConfigurationPlatforms) = postSolution
		{92FD38AF-4DBF-4F12-A714-29B8ABE7DA1E}.Debug|Any CPU.ActiveCfg = Debug|Any CPU
		{92FD38AF-4DBF-4F12-A714-29B8ABE7DA1E}.Debug|Any CPU.Build.0 = Debug|Any CPU
		{92FD38AF-4DBF-4F12-A714-29B8ABE7DA1E}.Release|Any CPU.ActiveCfg = Release|Any CPU
		{92FD38AF-4DBF-4F12-A714-29B8ABE7DA1E}.Release|Any CPU.Build.0 = Release|Any CPU
		{A7039FEF-5A6D-4DBF-B087-7BF4EEC48B62}.Debug|Any CPU.ActiveCfg = Debug|Any CPU
		{A7039FEF-5A6D-4DBF-B087-7BF4EEC48B62}.Debug|Any CPU.Build.0 = Debug|Any CPU
		{A7039FEF-5A6D-4DBF-B087-7BF4EEC48B62}.Release|Any CPU.ActiveCfg = Release|Any CPU
		{A7039FEF-5A6D-4DBF-B087-7BF4EEC48B62}.Release|Any CPU.Build.0 = Release|Any CPU
	EndGlobalSection
EndGlobal
